
Microsoft Visual Studio Solution File, Format Version 12.00
# Visual Studio Version 16
VisualStudioVersion = 16.0.30621.155
MinimumVisualStudioVersion = 10.0.40219.1
Project("{FAE04EC0-301F-11D3-BF4B-00C04F79EFBC}") = "MercaderSG", "MercaderSG\MercaderSG.csproj", "{2A6A8EC0-6E20-058E-0B4B-B684F4ED1655}"
EndProject
Project("{FAE04EC0-301F-11D3-BF4B-00C04F79EFBC}") = "Negocios", "Negocios\Negocios.csproj", "{FB0AE928-4829-0157-33C8-97ECE2ECCE83}"
EndProject
Project("{FAE04EC0-301F-11D3-BF4B-00C04F79EFBC}") = "Datos", "Datos\Datos.csproj", "{4F1192AC-3AB2-0EA2-204F-675E1099F82C}"
EndProject
Project("{FAE04EC0-301F-11D3-BF4B-00C04F79EFBC}") = "Entidades", "Entidades\Entidades.csproj", "{5B52509A-AB15-03A6-359D-EE785AE3E857}"
EndProject
Project("{FAE04EC0-301F-11D3-BF4B-00C04F79EFBC}") = "Servicios", "Servicios\Servicios.csproj", "{27379826-7C19-046B-3763-0A131D7F05AF}"
EndProject
Project("{FAE04EC0-301F-11D3-BF4B-00C04F79EFBC}") = "Excepciones", "Excepciones\Excepciones.csproj", "{B80E9ED4-5221-014D-22E8-114A09922F1C}"
EndProject
Project("{54435603-DBB4-11D2-8724-00A0C9A8B90C}") = "Setup3", "Setup3\Setup3.vdproj", "{655EC4B6-72A8-48B8-802B-9D0D28599D0A}"
EndProject
Global
	GlobalSection(SolutionConfigurationPlatforms) = preSolution
		All|Any CPU = All|Any CPU
		All|Mixed Platforms = All|Mixed Platforms
		All|x86 = All|x86
		Debug|Any CPU = Debug|Any CPU
		Debug|Mixed Platforms = Debug|Mixed Platforms
		Debug|x86 = Debug|x86
		DefaultBuild|Any CPU = DefaultBuild|Any CPU
		DefaultBuild|Mixed Platforms = DefaultBuild|Mixed Platforms
		DefaultBuild|x86 = DefaultBuild|x86
		Release|Any CPU = Release|Any CPU
		Release|Mixed Platforms = Release|Mixed Platforms
		Release|x86 = Release|x86
	EndGlobalSection
	GlobalSection(ProjectConfigurationPlatforms) = postSolution
		{2A6A8EC0-6E20-058E-0B4B-B684F4ED1655}.All|Any CPU.ActiveCfg = Release|x86
		{2A6A8EC0-6E20-058E-0B4B-B684F4ED1655}.All|Any CPU.Build.0 = Release|x86
		{2A6A8EC0-6E20-058E-0B4B-B684F4ED1655}.All|Mixed Platforms.ActiveCfg = Release|x86
		{2A6A8EC0-6E20-058E-0B4B-B684F4ED1655}.All|Mixed Platforms.Build.0 = Release|x86
		{2A6A8EC0-6E20-058E-0B4B-B684F4ED1655}.All|x86.ActiveCfg = Release|x86
		{2A6A8EC0-6E20-058E-0B4B-B684F4ED1655}.All|x86.Build.0 = Release|x86
		{2A6A8EC0-6E20-058E-0B4B-B684F4ED1655}.Debug|Any CPU.ActiveCfg = Debug|x86
		{2A6A8EC0-6E20-058E-0B4B-B684F4ED1655}.Debug|Mixed Platforms.ActiveCfg = Debug|x86
		{2A6A8EC0-6E20-058E-0B4B-B684F4ED1655}.Debug|Mixed Platforms.Build.0 = Debug|x86
		{2A6A8EC0-6E20-058E-0B4B-B684F4ED1655}.Debug|x86.ActiveCfg = Debug|x86
		{2A6A8EC0-6E20-058E-0B4B-B684F4ED1655}.Debug|x86.Build.0 = Debug|x86
		{2A6A8EC0-6E20-058E-0B4B-B684F4ED1655}.DefaultBuild|Any CPU.ActiveCfg = Release|x86
		{2A6A8EC0-6E20-058E-0B4B-B684F4ED1655}.DefaultBuild|Any CPU.Build.0 = Release|x86
		{2A6A8EC0-6E20-058E-0B4B-B684F4ED1655}.DefaultBuild|Mixed Platforms.ActiveCfg = Debug|x86
		{2A6A8EC0-6E20-058E-0B4B-B684F4ED1655}.DefaultBuild|Mixed Platforms.Build.0 = Debug|x86
		{2A6A8EC0-6E20-058E-0B4B-B684F4ED1655}.DefaultBuild|x86.ActiveCfg = Debug|x86
		{2A6A8EC0-6E20-058E-0B4B-B684F4ED1655}.DefaultBuild|x86.Build.0 = Debug|x86
		{2A6A8EC0-6E20-058E-0B4B-B684F4ED1655}.Release|Any CPU.ActiveCfg = Release|x86
		{2A6A8EC0-6E20-058E-0B4B-B684F4ED1655}.Release|Mixed Platforms.ActiveCfg = Release|x86
		{2A6A8EC0-6E20-058E-0B4B-B684F4ED1655}.Release|Mixed Platforms.Build.0 = Release|x86
		{2A6A8EC0-6E20-058E-0B4B-B684F4ED1655}.Release|x86.ActiveCfg = Release|x86
		{2A6A8EC0-6E20-058E-0B4B-B684F4ED1655}.Release|x86.Build.0 = Release|x86
		{FB0AE928-4829-0157-33C8-97ECE2ECCE83}.All|Any CPU.ActiveCfg = Release|Any CPU
		{FB0AE928-4829-0157-33C8-97ECE2ECCE83}.All|Any CPU.Build.0 = Release|Any CPU
		{FB0AE928-4829-0157-33C8-97ECE2ECCE83}.All|Mixed Platforms.ActiveCfg = Release|Any CPU
		{FB0AE928-4829-0157-33C8-97ECE2ECCE83}.All|Mixed Platforms.Build.0 = Release|Any CPU
		{FB0AE928-4829-0157-33C8-97ECE2ECCE83}.All|x86.ActiveCfg = Release|Any CPU
		{FB0AE928-4829-0157-33C8-97ECE2ECCE83}.All|x86.Build.0 = Release|Any CPU
		{FB0AE928-4829-0157-33C8-97ECE2ECCE83}.Debug|Any CPU.ActiveCfg = Debug|Any CPU
		{FB0AE928-4829-0157-33C8-97ECE2ECCE83}.Debug|Any CPU.Build.0 = Debug|Any CPU
		{FB0AE928-4829-0157-33C8-97ECE2ECCE83}.Debug|Mixed Platforms.ActiveCfg = Debug|Any CPU
		{FB0AE928-4829-0157-33C8-97ECE2ECCE83}.Debug|Mixed Platforms.Build.0 = Debug|Any CPU
		{FB0AE928-4829-0157-33C8-97ECE2ECCE83}.Debug|x86.ActiveCfg = Debug|Any CPU
		{FB0AE928-4829-0157-33C8-97ECE2ECCE83}.DefaultBuild|Any CPU.ActiveCfg = Debug|Any CPU
		{FB0AE928-4829-0157-33C8-97ECE2ECCE83}.DefaultBuild|Any CPU.Build.0 = Debug|Any CPU
		{FB0AE928-4829-0157-33C8-97ECE2ECCE83}.DefaultBuild|Mixed Platforms.ActiveCfg = Debug|Any CPU
		{FB0AE928-4829-0157-33C8-97ECE2ECCE83}.DefaultBuild|Mixed Platforms.Build.0 = Debug|Any CPU
		{FB0AE928-4829-0157-33C8-97ECE2ECCE83}.DefaultBuild|x86.ActiveCfg = Debug|Any CPU
		{FB0AE928-4829-0157-33C8-97ECE2ECCE83}.DefaultBuild|x86.Build.0 = Debug|Any CPU
		{FB0AE928-4829-0157-33C8-97ECE2ECCE83}.Release|Any CPU.ActiveCfg = Release|Any CPU
		{FB0AE928-4829-0157-33C8-97ECE2ECCE83}.Release|Any CPU.Build.0 = Release|Any CPU
		{FB0AE928-4829-0157-33C8-97ECE2ECCE83}.Release|Mixed Platforms.ActiveCfg = Release|Any CPU
		{FB0AE928-4829-0157-33C8-97ECE2ECCE83}.Release|Mixed Platforms.Build.0 = Release|Any CPU
		{FB0AE928-4829-0157-33C8-97ECE2ECCE83}.Release|x86.ActiveCfg = Release|Any CPU
		{FB0AE928-4829-0157-33C8-97ECE2ECCE83}.Release|x86.Build.0 = Release|Any CPU
		{4F1192AC-3AB2-0EA2-204F-675E1099F82C}.All|Any CPU.ActiveCfg = Release|Any CPU
		{4F1192AC-3AB2-0EA2-204F-675E1099F82C}.All|Any CPU.Build.0 = Release|Any CPU
		{4F1192AC-3AB2-0EA2-204F-675E1099F82C}.All|Mixed Platforms.ActiveCfg = Release|Any CPU
		{4F1192AC-3AB2-0EA2-204F-675E1099F82C}.All|Mixed Platforms.Build.0 = Release|Any CPU
		{4F1192AC-3AB2-0EA2-204F-675E1099F82C}.All|x86.ActiveCfg = Release|Any CPU
		{4F1192AC-3AB2-0EA2-204F-675E1099F82C}.All|x86.Build.0 = Release|Any CPU
		{4F1192AC-3AB2-0EA2-204F-675E1099F82C}.Debug|Any CPU.ActiveCfg = Debug|Any CPU
		{4F1192AC-3AB2-0EA2-204F-675E1099F82C}.Debug|Any CPU.Build.0 = Debug|Any CPU
		{4F1192AC-3AB2-0EA2-204F-675E1099F82C}.Debug|Mixed Platforms.ActiveCfg = Debug|Any CPU
		{4F1192AC-3AB2-0EA2-204F-675E1099F82C}.Debug|Mixed Platforms.Build.0 = Debug|Any CPU
		{4F1192AC-3AB2-0EA2-204F-675E1099F82C}.Debug|x86.ActiveCfg = Debug|Any CPU
		{4F1192AC-3AB2-0EA2-204F-675E1099F82C}.DefaultBuild|Any CPU.ActiveCfg = Debug|Any CPU
		{4F1192AC-3AB2-0EA2-204F-675E1099F82C}.DefaultBuild|Any CPU.Build.0 = Debug|Any CPU
		{4F1192AC-3AB2-0EA2-204F-675E1099F82C}.DefaultBuild|Mixed Platforms.ActiveCfg = Debug|Any CPU
		{4F1192AC-3AB2-0EA2-204F-675E1099F82C}.DefaultBuild|Mixed Platforms.Build.0 = Debug|Any CPU
		{4F1192AC-3AB2-0EA2-204F-675E1099F82C}.DefaultBuild|x86.ActiveCfg = Debug|Any CPU
		{4F1192AC-3AB2-0EA2-204F-675E1099F82C}.DefaultBuild|x86.Build.0 = Debug|Any CPU
		{4F1192AC-3AB2-0EA2-204F-675E1099F82C}.Release|Any CPU.ActiveCfg = Release|Any CPU
		{4F1192AC-3AB2-0EA2-204F-675E1099F82C}.Release|Any CPU.Build.0 = Release|Any CPU
		{4F1192AC-3AB2-0EA2-204F-675E1099F82C}.Release|Mixed Platforms.ActiveCfg = Release|Any CPU
		{4F1192AC-3AB2-0EA2-204F-675E1099F82C}.Release|Mixed Platforms.Build.0 = Release|Any CPU
		{4F1192AC-3AB2-0EA2-204F-675E1099F82C}.Release|x86.ActiveCfg = Release|Any CPU
		{4F1192AC-3AB2-0EA2-204F-675E1099F82C}.Release|x86.Build.0 = Release|Any CPU
		{5B52509A-AB15-03A6-359D-EE785AE3E857}.All|Any CPU.ActiveCfg = Release|Any CPU
		{5B52509A-AB15-03A6-359D-EE785AE3E857}.All|Any CPU.Build.0 = Release|Any CPU
		{5B52509A-AB15-03A6-359D-EE785AE3E857}.All|Mixed Platforms.ActiveCfg = Release|Any CPU
		{5B52509A-AB15-03A6-359D-EE785AE3E857}.All|Mixed Platforms.Build.0 = Release|Any CPU
		{5B52509A-AB15-03A6-359D-EE785AE3E857}.All|x86.ActiveCfg = Release|Any CPU
		{5B52509A-AB15-03A6-359D-EE785AE3E857}.All|x86.Build.0 = Release|Any CPU
		{5B52509A-AB15-03A6-359D-EE785AE3E857}.Debug|Any CPU.ActiveCfg = Debug|Any CPU
		{5B52509A-AB15-03A6-359D-EE785AE3E857}.Debug|Any CPU.Build.0 = Debug|Any CPU
		{5B52509A-AB15-03A6-359D-EE785AE3E857}.Debug|Mixed Platforms.ActiveCfg = Debug|Any CPU
		{5B52509A-AB15-03A6-359D-EE785AE3E857}.Debug|Mixed Platforms.Build.0 = Debug|Any CPU
		{5B52509A-AB15-03A6-359D-EE785AE3E857}.Debug|x86.ActiveCfg = Debug|Any CPU
		{5B52509A-AB15-03A6-359D-EE785AE3E857}.DefaultBuild|Any CPU.ActiveCfg = Debug|Any CPU
		{5B52509A-AB15-03A6-359D-EE785AE3E857}.DefaultBuild|Any CPU.Build.0 = Debug|Any CPU
		{5B52509A-AB15-03A6-359D-EE785AE3E857}.DefaultBuild|Mixed Platforms.ActiveCfg = Debug|Any CPU
		{5B52509A-AB15-03A6-359D-EE785AE3E857}.DefaultBuild|Mixed Platforms.Build.0 = Debug|Any CPU
		{5B52509A-AB15-03A6-359D-EE785AE3E857}.DefaultBuild|x86.ActiveCfg = Debug|Any CPU
		{5B52509A-AB15-03A6-359D-EE785AE3E857}.DefaultBuild|x86.Build.0 = Debug|Any CPU
		{5B52509A-AB15-03A6-359D-EE785AE3E857}.Release|Any CPU.ActiveCfg = Release|Any CPU
		{5B52509A-AB15-03A6-359D-EE785AE3E857}.Release|Any CPU.Build.0 = Release|Any CPU
		{5B52509A-AB15-03A6-359D-EE785AE3E857}.Release|Mixed Platforms.ActiveCfg = Release|Any CPU
		{5B52509A-AB15-03A6-359D-EE785AE3E857}.Release|Mixed Platforms.Build.0 = Release|Any CPU
		{5B52509A-AB15-03A6-359D-EE785AE3E857}.Release|x86.ActiveCfg = Release|Any CPU
		{5B52509A-AB15-03A6-359D-EE785AE3E857}.Release|x86.Build.0 = Release|Any CPU
		{27379826-7C19-046B-3763-0A131D7F05AF}.All|Any CPU.ActiveCfg = Release|Any CPU
		{27379826-7C19-046B-3763-0A131D7F05AF}.All|Any CPU.Build.0 = Release|Any CPU
		{27379826-7C19-046B-3763-0A131D7F05AF}.All|Mixed Platforms.ActiveCfg = Release|Any CPU
		{27379826-7C19-046B-3763-0A131D7F05AF}.All|Mixed Platforms.Build.0 = Release|Any CPU
		{27379826-7C19-046B-3763-0A131D7F05AF}.All|x86.ActiveCfg = Release|Any CPU
		{27379826-7C19-046B-3763-0A131D7F05AF}.All|x86.Build.0 = Release|Any CPU
		{27379826-7C19-046B-3763-0A131D7F05AF}.Debug|Any CPU.ActiveCfg = Debug|Any CPU
		{27379826-7C19-046B-3763-0A131D7F05AF}.Debug|Any CPU.Build.0 = Debug|Any CPU
		{27379826-7C19-046B-3763-0A131D7F05AF}.Debug|Mixed Platforms.ActiveCfg = Debug|Any CPU
		{27379826-7C19-046B-3763-0A131D7F05AF}.Debug|Mixed Platforms.Build.0 = Debug|Any CPU
		{27379826-7C19-046B-3763-0A131D7F05AF}.Debug|x86.ActiveCfg = Debug|Any CPU
		{27379826-7C19-046B-3763-0A131D7F05AF}.DefaultBuild|Any CPU.ActiveCfg = Debug|Any CPU
		{27379826-7C19-046B-3763-0A131D7F05AF}.DefaultBuild|Any CPU.Build.0 = Debug|Any CPU
		{27379826-7C19-046B-3763-0A131D7F05AF}.DefaultBuild|Mixed Platforms.ActiveCfg = Debug|Any CPU
		{27379826-7C19-046B-3763-0A131D7F05AF}.DefaultBuild|Mixed Platforms.Build.0 = Debug|Any CPU
		{27379826-7C19-046B-3763-0A131D7F05AF}.DefaultBuild|x86.ActiveCfg = Debug|Any CPU
		{27379826-7C19-046B-3763-0A131D7F05AF}.DefaultBuild|x86.Build.0 = Debug|Any CPU
		{27379826-7C19-046B-3763-0A131D7F05AF}.Release|Any CPU.ActiveCfg = Release|Any CPU
		{27379826-7C19-046B-3763-0A131D7F05AF}.Release|Any CPU.Build.0 = Release|Any CPU
		{27379826-7C19-046B-3763-0A131D7F05AF}.Release|Mixed Platforms.ActiveCfg = Release|Any CPU
		{27379826-7C19-046B-3763-0A131D7F05AF}.Release|Mixed Platforms.Build.0 = Release|Any CPU
		{27379826-7C19-046B-3763-0A131D7F05AF}.Release|x86.ActiveCfg = Release|Any CPU
		{27379826-7C19-046B-3763-0A131D7F05AF}.Release|x86.Build.0 = Release|Any CPU
		{B80E9ED4-5221-014D-22E8-114A09922F1C}.All|Any CPU.ActiveCfg = Release|Any CPU
		{B80E9ED4-5221-014D-22E8-114A09922F1C}.All|Any CPU.Build.0 = Release|Any CPU
		{B80E9ED4-5221-014D-22E8-114A09922F1C}.All|Mixed Platforms.ActiveCfg = Release|Any CPU
		{B80E9ED4-5221-014D-22E8-114A09922F1C}.All|Mixed Platforms.Build.0 = Release|Any CPU
		{B80E9ED4-5221-014D-22E8-114A09922F1C}.All|x86.ActiveCfg = Release|Any CPU
		{B80E9ED4-5221-014D-22E8-114A09922F1C}.All|x86.Build.0 = Release|Any CPU
		{B80E9ED4-5221-014D-22E8-114A09922F1C}.Debug|Any CPU.ActiveCfg = Debug|Any CPU
		{B80E9ED4-5221-014D-22E8-114A09922F1C}.Debug|Any CPU.Build.0 = Debug|Any CPU
		{B80E9ED4-5221-014D-22E8-114A09922F1C}.Debug|Mixed Platforms.ActiveCfg = Debug|Any CPU
		{B80E9ED4-5221-014D-22E8-114A09922F1C}.Debug|Mixed Platforms.Build.0 = Debug|Any CPU
		{B80E9ED4-5221-014D-22E8-114A09922F1C}.Debug|x86.ActiveCfg = Debug|Any CPU
		{B80E9ED4-5221-014D-22E8-114A09922F1C}.DefaultBuild|Any CPU.ActiveCfg = Debug|Any CPU
		{B80E9ED4-5221-014D-22E8-114A09922F1C}.DefaultBuild|Any CPU.Build.0 = Debug|Any CPU
		{B80E9ED4-5221-014D-22E8-114A09922F1C}.DefaultBuild|Mixed Platforms.ActiveCfg = Debug|Any CPU
		{B80E9ED4-5221-014D-22E8-114A09922F1C}.DefaultBuild|Mixed Platforms.Build.0 = Debug|Any CPU
		{B80E9ED4-5221-014D-22E8-114A09922F1C}.DefaultBuild|x86.ActiveCfg = Debug|Any CPU
		{B80E9ED4-5221-014D-22E8-114A09922F1C}.DefaultBuild|x86.Build.0 = Debug|Any CPU
		{B80E9ED4-5221-014D-22E8-114A09922F1C}.Release|Any CPU.ActiveCfg = Release|Any CPU
		{B80E9ED4-5221-014D-22E8-114A09922F1C}.Release|Any CPU.Build.0 = Release|Any CPU
		{B80E9ED4-5221-014D-22E8-114A09922F1C}.Release|Mixed Platforms.ActiveCfg = Release|Any CPU
		{B80E9ED4-5221-014D-22E8-114A09922F1C}.Release|Mixed Platforms.Build.0 = Release|Any CPU
		{B80E9ED4-5221-014D-22E8-114A09922F1C}.Release|x86.ActiveCfg = Release|Any CPU
		{B80E9ED4-5221-014D-22E8-114A09922F1C}.Release|x86.Build.0 = Release|Any CPU
		{655EC4B6-72A8-48B8-802B-9D0D28599D0A}.All|Any CPU.ActiveCfg = Debug
		{655EC4B6-72A8-48B8-802B-9D0D28599D0A}.All|Mixed Platforms.ActiveCfg = Debug
		{655EC4B6-72A8-48B8-802B-9D0D28599D0A}.All|x86.ActiveCfg = Debug
		{655EC4B6-72A8-48B8-802B-9D0D28599D0A}.Debug|Any CPU.ActiveCfg = Debug
		{655EC4B6-72A8-48B8-802B-9D0D28599D0A}.Debug|Mixed Platforms.ActiveCfg = Debug
		{655EC4B6-72A8-48B8-802B-9D0D28599D0A}.Debug|x86.ActiveCfg = Debug
		{655EC4B6-72A8-48B8-802B-9D0D28599D0A}.DefaultBuild|Any CPU.ActiveCfg = Debug
		{655EC4B6-72A8-48B8-802B-9D0D28599D0A}.DefaultBuild|Mixed Platforms.ActiveCfg = Debug
		{655EC4B6-72A8-48B8-802B-9D0D28599D0A}.DefaultBuild|x86.ActiveCfg = Debug
		{655EC4B6-72A8-48B8-802B-9D0D28599D0A}.Release|Any CPU.ActiveCfg = Release
		{655EC4B6-72A8-48B8-802B-9D0D28599D0A}.Release|Mixed Platforms.ActiveCfg = Release
		{655EC4B6-72A8-48B8-802B-9D0D28599D0A}.Release|x86.ActiveCfg = Release
	EndGlobalSection
	GlobalSection(SolutionProperties) = preSolution
		HideSolutionNode = FALSE
	EndGlobalSection
	GlobalSection(ExtensibilityGlobals) = postSolution
		SolutionGuid = {736DE599-4EDC-4C56-9AA8-6242E6786426}
	EndGlobalSection
EndGlobal
